{
  "name": "result_test",
  "version": "1.0.0",
  "lockfileVersion": 1,
  "requires": true,
  "dependencies": {
    "@babel/runtime": {
      "version": "7.5.5",
      "resolved": "https://registry.npmjs.org/@babel/runtime/-/runtime-7.5.5.tgz",
      "integrity": "sha512-28QvEGyQyNkB0/m2B4FU7IEZGK2NUrcMtT6BZEFALTguLk+AUT6ofsHtPk5QyjAdUkpMJ+/Em+quwz4HOt30AQ==",
      "requires": {
        "regenerator-runtime": "^0.13.2"
      }
    },
    "@redux-saga/core": {
      "version": "1.0.3",
      "resolved": "https://registry.npmjs.org/@redux-saga/core/-/core-1.0.3.tgz",
      "integrity": "sha512-zf8h5N0oTzaNeSMxOWH9GJMB9IRSM8JubDsrZVsvVltXjzFFSR8DNt7tbPoRJUK0hFfQB1it+bL+dEMWpD7wXA==",
      "requires": {
        "@babel/runtime": "^7.0.0",
        "@redux-saga/deferred": "^1.0.1",
        "@redux-saga/delay-p": "^1.0.1",
        "@redux-saga/is": "^1.0.2",
        "@redux-saga/symbols": "^1.0.1",
        "@redux-saga/types": "^1.0.2",
        "redux": ">=0.10 <5",
        "typescript-tuple": "^2.1.0"
      }
    },
    "@redux-saga/deferred": {
      "version": "1.0.1",
      "resolved": "https://registry.npmjs.org/@redux-saga/deferred/-/deferred-1.0.1.tgz",
      "integrity": "sha512-+gW5xQ93QXOOmRLAmX8x2Hx1HpbTG6CM6+HcdTSbJovh4uMWaGyeDECnqXSt8QqA/ja3s2nqYXLqXFKepIQ1hw=="
    },
    "@redux-saga/delay-p": {
      "version": "1.0.1",
      "resolved": "https://registry.npmjs.org/@redux-saga/delay-p/-/delay-p-1.0.1.tgz",
      "integrity": "sha512-0SnNDyDLUyB4NThtptAwiprNOnbCNhoed/Rp5JwS7SB+a/AdWynVgg/E6BmjsggLFNr07KW0bzn05tsPRBuU7Q==",
      "requires": {
        "@redux-saga/symbols": "^1.0.1"
      }
    },
    "@redux-saga/is": {
      "version": "1.0.2",
      "resolved": "https://registry.npmjs.org/@redux-saga/is/-/is-1.0.2.tgz",
      "integrity": "sha512-WnaUOwYvPK2waWjzebT4uhL8zY76XNkzzpJ2EQJe8bN1tByvAjvT7MuJZTSshOhdHL5PsRO0MsH224XIXBJidQ==",
      "requires": {
        "@redux-saga/symbols": "^1.0.1",
        "@redux-saga/types": "^1.0.2"
      }
    },
    "@redux-saga/symbols": {
      "version": "1.0.1",
      "resolved": "https://registry.npmjs.org/@redux-saga/symbols/-/symbols-1.0.1.tgz",
      "integrity": "sha512-akKkzcVnb1RzJaZV2LQFbi51abvdICMuAKwwLoCjjxLbLAGIw9EJxk5ucNnWSSCEsoEQMeol5tkAcK+Xzuv1Bg=="
    },
    "@redux-saga/types": {
      "version": "1.0.2",
      "resolved": "https://registry.npmjs.org/@redux-saga/types/-/types-1.0.2.tgz",
      "integrity": "sha512-8/qcMh15507AnXJ3lBeuhsdFwnWQqnp68EpUuHlYPixJ5vjVmls7/Jq48cnUlrZI8Jd9U1jkhfCl0gaT5KMgVw=="
    },
    "@types/hoist-non-react-statics": {
      "version": "3.3.1",
      "resolved": "https://registry.npmjs.org/@types/hoist-non-react-statics/-/hoist-non-react-statics-3.3.1.tgz",
      "integrity": "sha512-iMIqiko6ooLrTh1joXodJK5X9xeEALT1kM5G3ZLhD3hszxBdIEd5C75U834D9mLcINgD4OyZf5uQXjkuYydWvA==",
      "dev": true,
      "requires": {
        "@types/react": "*",
        "hoist-non-react-statics": "^3.3.0"
      }
    },
    "@types/prop-types": {
      "version": "15.7.1",
      "resolved": "https://registry.npmjs.org/@types/prop-types/-/prop-types-15.7.1.tgz",
      "integrity": "sha512-CFzn9idOEpHrgdw8JsoTkaDDyRWk1jrzIV8djzcgpq0y9tG4B4lFT+Nxh52DVpDXV+n4+NPNv7M1Dj5uMp6XFg==",
      "dev": true
    },
    "@types/react": {
      "version": "16.8.23",
      "resolved": "https://registry.npmjs.org/@types/react/-/react-16.8.23.tgz",
      "integrity": "sha512-abkEOIeljniUN9qB5onp++g0EY38h7atnDHxwKUFz1r3VH1+yG1OKi2sNPTyObL40goBmfKFpdii2lEzwLX1cA==",
      "dev": true,
      "requires": {
        "@types/prop-types": "*",
        "csstype": "^2.2.0"
      }
    },
    "@types/react-dom": {
      "version": "16.8.5",
      "resolved": "https://registry.npmjs.org/@types/react-dom/-/react-dom-16.8.5.tgz",
      "integrity": "sha512-idCEjROZ2cqh29+trmTmZhsBAUNQuYrF92JHKzZ5+aiFM1mlSk3bb23CK7HhYuOY75Apgap5y2jTyHzaM2AJGA==",
      "dev": true,
      "requires": {
        "@types/react": "*"
      }
    },
    "@types/react-redux": {
      "version": "7.1.1",
      "resolved": "https://registry.npmjs.org/@types/react-redux/-/react-redux-7.1.1.tgz",
      "integrity": "sha512-owqNahzE8en/jR4NtrUJDJya3tKru7CIEGSRL/pVS84LtSCdSoT7qZTkrbBd3S4Lp11sAp+7LsvxIeONJVKMnw==",
      "dev": true,
      "requires": {
        "@types/hoist-non-react-statics": "^3.3.0",
        "@types/react": "*",
        "hoist-non-react-statics": "^3.3.0",
        "redux": "^4.0.0"
      }
    },
    "@types/redux": {
      "version": "3.6.0",
      "resolved": "https://registry.npmjs.org/@types/redux/-/redux-3.6.0.tgz",
      "integrity": "sha1-8evh5UEVGAcuT9/KXHbhbnTBOZo=",
      "dev": true,
      "requires": {
        "redux": "*"
      }
    },
    "@types/redux-form": {
      "version": "8.1.4",
      "resolved": "https://registry.npmjs.org/@types/redux-form/-/redux-form-8.1.4.tgz",
      "integrity": "sha512-HS/H1O0HZWLPHmTbWqCTDPAOhSkcSq4HcsQVFjFEpJmSYRn79Z3sxfSsMYckxhjvCTdcD+RgyxPa5YJQKovnkQ==",
      "dev": true,
      "requires": {
        "@types/react": "*",
        "redux": "^3.6.0 || ^4.0.0"
      }
    },
    "@types/redux-saga": {
      "version": "0.10.5",
      "resolved": "https://registry.npmjs.org/@types/redux-saga/-/redux-saga-0.10.5.tgz",
      "integrity": "sha1-gL8hB4N568lzh9vlbkRGe1Z3+oU=",
      "dev": true,
      "requires": {
        "redux-saga": "*"
      }
    },
    "csstype": {
      "version": "2.6.6",
      "resolved": "https://registry.npmjs.org/csstype/-/csstype-2.6.6.tgz",
      "integrity": "sha512-RpFbQGUE74iyPgvr46U9t1xoQBM8T4BL8SxrN66Le2xYAPSaDJJKeztV3awugusb3g3G9iL8StmkBBXhcbbXhg==",
      "dev": true
    },
    "es6-error": {
      "version": "4.1.1",
      "resolved": "https://registry.npmjs.org/es6-error/-/es6-error-4.1.1.tgz",
      "integrity": "sha512-Um/+FxMr9CISWh0bi5Zv0iOD+4cFh5qLeks1qhAopKVAJw3drgKbKySikp7wGhDL0HPeaja0P5ULZrxLkniUVg=="
    },
    "hoist-non-react-statics": {
      "version": "3.3.0",
      "resolved": "https://registry.npmjs.org/hoist-non-react-statics/-/hoist-non-react-statics-3.3.0.tgz",
      "integrity": "sha512-0XsbTXxgiaCDYDIWFcwkmerZPSwywfUqYmwT4jzewKTQSWoE6FCMoUVOeBJWK3E/CrWbxRG3m5GzY4lnIwGRBA==",
      "requires": {
        "react-is": "^16.7.0"
      }
    },
    "immutable": {
      "version": "3.8.2",
      "resolved": "https://registry.npmjs.org/immutable/-/immutable-3.8.2.tgz",
      "integrity": "sha1-wkOZUUVbs5kT2vKBN28VMOEErfM=",
      "optional": true
    },
    "invariant": {
      "version": "2.2.4",
      "resolved": "https://registry.npmjs.org/invariant/-/invariant-2.2.4.tgz",
      "integrity": "sha512-phJfQVBuaJM5raOpJjSfkiD6BpbCE4Ns//LaXl6wGYtUBY83nWS6Rf9tXm2e8VaK60JEjYldbPif/A2B1C2gNA==",
      "requires": {
        "loose-envify": "^1.0.0"
      }
    },
    "is-promise": {
      "version": "2.1.0",
      "resolved": "https://registry.npmjs.org/is-promise/-/is-promise-2.1.0.tgz",
      "integrity": "sha1-eaKp7OfwlugPNtKy87wWwf9L8/o="
    },
    "js-tokens": {
      "version": "4.0.0",
      "resolved": "https://registry.npmjs.org/js-tokens/-/js-tokens-4.0.0.tgz",
      "integrity": "sha512-RdJUflcE3cUzKiMqQgsCu06FPu9UdIJO0beYbPhHN4k6apgJtifcoCtT9bcxOpYBtpD2kCM6Sbzg4CausW/PKQ=="
    },
    "lodash": {
      "version": "4.17.15",
      "resolved": "https://registry.npmjs.org/lodash/-/lodash-4.17.15.tgz",
      "integrity": "sha512-8xOcRHvCjnocdS5cpwXQXVzmmh5e5+saE2QGoeQmbKmRS6J3VQppPOIt0MnmE+4xlZoumy0GPG0D0MVIQbNA1A=="
    },
    "lodash-es": {
      "version": "4.17.15",
      "resolved": "https://registry.npmjs.org/lodash-es/-/lodash-es-4.17.15.tgz",
      "integrity": "sha512-rlrc3yU3+JNOpZ9zj5pQtxnx2THmvRykwL4Xlxoa8I9lHBlVbbyPhgyPMioxVZ4NqyxaVVtaJnzsyOidQIhyyQ=="
    },
    "loose-envify": {
      "version": "1.4.0",
      "resolved": "https://registry.npmjs.org/loose-envify/-/loose-envify-1.4.0.tgz",
      "integrity": "sha512-lyuxPGr/Wfhrlem2CL/UcnUc1zcqKAImBDzukY7Y5F/yQiNdko6+fRLevlw1HgMySw7f611UIY408EtxRSoK3Q==",
      "requires": {
        "js-tokens": "^3.0.0 || ^4.0.0"
      }
    },
    "object-assign": {
      "version": "4.1.1",
      "resolved": "https://registry.npmjs.org/object-assign/-/object-assign-4.1.1.tgz",
      "integrity": "sha1-IQmtx5ZYh8/AXLvUQsrIv7s2CGM="
    },
    "prop-types": {
      "version": "15.7.2",
      "resolved": "https://registry.npmjs.org/prop-types/-/prop-types-15.7.2.tgz",
      "integrity": "sha512-8QQikdH7//R2vurIJSutZ1smHYTcLpRWEOlHnzcWHmBYrOGUysKwSsrC89BCiFj3CbrfJ/nXFdJepOVrY1GCHQ==",
      "requires": {
        "loose-envify": "^1.4.0",
        "object-assign": "^4.1.1",
        "react-is": "^16.8.1"
      }
    },
    "react": {
      "version": "16.8.6",
      "resolved": "https://registry.npmjs.org/react/-/react-16.8.6.tgz",
      "integrity": "sha512-pC0uMkhLaHm11ZSJULfOBqV4tIZkx87ZLvbbQYunNixAAvjnC+snJCg0XQXn9VIsttVsbZP/H/ewzgsd5fxKXw==",
      "requires": {
        "loose-envify": "^1.1.0",
        "object-assign": "^4.1.1",
        "prop-types": "^15.6.2",
        "scheduler": "^0.13.6"
      }
    },
    "react-dom": {
      "version": "16.8.6",
      "resolved": "https://registry.npmjs.org/react-dom/-/react-dom-16.8.6.tgz",
      "integrity": "sha512-1nL7PIq9LTL3fthPqwkvr2zY7phIPjYrT0jp4HjyEQrEROnw4dG41VVwi/wfoCneoleqrNX7iAD+pXebJZwrwA==",
      "requires": {
        "loose-envify": "^1.1.0",
        "object-assign": "^4.1.1",
        "prop-types": "^15.6.2",
        "scheduler": "^0.13.6"
      }
    },
    "react-is": {
      "version": "16.8.6",
      "resolved": "https://registry.npmjs.org/react-is/-/react-is-16.8.6.tgz",
      "integrity": "sha512-aUk3bHfZ2bRSVFFbbeVS4i+lNPZr3/WM5jT2J5omUVV1zzcs1nAaf3l51ctA5FFvCRbhrH0bdAsRRQddFJZPtA=="
    },
    "react-lifecycles-compat": {
      "version": "3.0.4",
      "resolved": "https://registry.npmjs.org/react-lifecycles-compat/-/react-lifecycles-compat-3.0.4.tgz",
      "integrity": "sha512-fBASbA6LnOU9dOU2eW7aQ8xmYBSXUIWr+UmF9b1efZBazGNO+rcXT/icdKnYm2pTwcRylVUYwW7H1PHfLekVzA=="
    },
    "react-redux": {
      "version": "7.1.0",
      "resolved": "https://registry.npmjs.org/react-redux/-/react-redux-7.1.0.tgz",
      "integrity": "sha512-hyu/PoFK3vZgdLTg9ozbt7WF3GgX5+Yn3pZm5/96/o4UueXA+zj08aiSC9Mfj2WtD1bvpIb3C5yvskzZySzzaw==",
      "requires": {
        "@babel/runtime": "^7.4.5",
        "hoist-non-react-statics": "^3.3.0",
        "invariant": "^2.2.4",
        "loose-envify": "^1.4.0",
        "prop-types": "^15.7.2",
        "react-is": "^16.8.6"
      }
    },
    "redux": {
      "version": "4.0.4",
      "resolved": "https://registry.npmjs.org/redux/-/redux-4.0.4.tgz",
      "integrity": "sha512-vKv4WdiJxOWKxK0yRoaK3Y4pxxB0ilzVx6dszU2W8wLxlb2yikRph4iV/ymtdJ6ZxpBLFbyrxklnT5yBbQSl3Q==",
      "requires": {
        "loose-envify": "^1.4.0",
        "symbol-observable": "^1.2.0"
      }
    },
    "redux-form": {
      "version": "8.2.5",
      "resolved": "https://registry.npmjs.org/redux-form/-/redux-form-8.2.5.tgz",
      "integrity": "sha512-EJ0WOMUEUo6kAQ0OFmnpg4M48LXoVyzRYpL/EzZbJAmXVnZCZ0ZAtM+ho0IIjZOW9nKYa3ilAj5J9pGueX8Gwg==",
      "requires": {
        "@babel/runtime": "^7.2.0",
        "es6-error": "^4.1.1",
        "hoist-non-react-statics": "^3.2.1",
        "immutable": "*",
        "invariant": "^2.2.4",
        "is-promise": "^2.1.0",
        "lodash": "^4.17.11",
        "lodash-es": "^4.17.11",
        "prop-types": "^15.6.1",
        "react-is": "^16.7.0",
        "react-lifecycles-compat": "^3.0.4"
      }
    },
    "redux-saga": {
      "version": "1.0.5",
      "resolved": "https://registry.npmjs.org/redux-saga/-/redux-saga-1.0.5.tgz",
      "integrity": "sha512-ytGFtaHyz6NQMQp7/LpQ/6CtOkbPRCcAeljUpc4c95hRm5U6dFvrRiZHeBPuQZ56L3oXfTX3hiYh8/3ZudsiNg==",
      "requires": {
        "@redux-saga/core": "^1.0.3"
      }
    },
    "regenerator-runtime": {
      "version": "0.13.3",
      "resolved": "https://registry.npmjs.org/regenerator-runtime/-/regenerator-runtime-0.13.3.tgz",
      "integrity": "sha512-naKIZz2GQ8JWh///G7L3X6LaQUAMp2lvb1rvwwsURe/VXwD6VMfr+/1NuNw3ag8v2kY1aQ/go5SNn79O9JU7yw=="
    },
    "requirejs": {
      "version": "2.3.6",
      "resolved": "https://registry.npmjs.org/requirejs/-/requirejs-2.3.6.tgz",
      "integrity": "sha512-ipEzlWQe6RK3jkzikgCupiTbTvm4S0/CAU5GlgptkN5SO6F3u0UD0K18wy6ErDqiCyP4J4YYe1HuAShvsxePLg=="
    },
    "scheduler": {
      "version": "0.13.6",
      "resolved": "https://registry.npmjs.org/scheduler/-/scheduler-0.13.6.tgz",
      "integrity": "sha512-IWnObHt413ucAYKsD9J1QShUKkbKLQQHdxRyw73sw4FN26iWr3DY/H34xGPe4nmL1DwXyWmSWmMrA9TfQbE/XQ==",
      "requires": {
        "loose-envify": "^1.1.0",
        "object-assign": "^4.1.1"
      }
    },
    "symbol-observable": {
      "version": "1.2.0",
      "resolved": "https://registry.npmjs.org/symbol-observable/-/symbol-observable-1.2.0.tgz",
      "integrity": "sha512-e900nM8RRtGhlV36KGEU9k65K3mPb1WV70OdjfxlG2EAuM1noi/E/BaW/uMhL7bPEssK8QV57vN3esixjUvcXQ=="
    },
    "tslib": {
      "version": "1.10.0",
      "resolved": "https://registry.npmjs.org/tslib/-/tslib-1.10.0.tgz",
      "integrity": "sha512-qOebF53frne81cf0S9B41ByenJ3/IuH8yJKngAX35CmiZySA0khhkovshKK+jGCaMnVomla7gVlIcc3EvKPbTQ=="
    },
    "typescript": {
      "version": "3.5.3",
      "resolved": "https://registry.npmjs.org/typescript/-/typescript-3.5.3.tgz",
      "integrity": "sha512-ACzBtm/PhXBDId6a6sDJfroT2pOWt/oOnk4/dElG5G33ZL776N3Y6/6bKZJBFpd+b05F3Ct9qDjMeJmRWtE2/g==",
      "dev": true
    },
    "typescript-compare": {
      "version": "0.0.2",
      "resolved": "https://registry.npmjs.org/typescript-compare/-/typescript-compare-0.0.2.tgz",
      "integrity": "sha512-8ja4j7pMHkfLJQO2/8tut7ub+J3Lw2S3061eJLFQcvs3tsmJKp8KG5NtpLn7KcY2w08edF74BSVN7qJS0U6oHA==",
      "requires": {
        "typescript-logic": "^0.0.0"
      }
    },
    "typescript-logic": {
      "version": "0.0.0",
      "resolved": "https://registry.npmjs.org/typescript-logic/-/typescript-logic-0.0.0.tgz",
      "integrity": "sha512-zXFars5LUkI3zP492ls0VskH3TtdeHCqu0i7/duGt60i5IGPIpAHE/DWo5FqJ6EjQ15YKXrt+AETjv60Dat34Q=="
    },
    "typescript-tuple": {
      "version": "2.2.1",
      "resolved": "https://registry.npmjs.org/typescript-tuple/-/typescript-tuple-2.2.1.tgz",
      "integrity": "sha512-Zcr0lbt8z5ZdEzERHAMAniTiIKerFCMgd7yjq1fPnDJ43et/k9twIFQMUYff9k5oXcsQ0WpvFcgzK2ZKASoW6Q==",
      "requires": {
        "typescript-compare": "^0.0.2"
      }
    }
  }
}
